// !$*UTF8*$!
{
	archiveVersion = 1;
	classes = {
	};
	objectVersion = 77;
	objects = {

/* Begin PBXBuildFile section */
		388038792CCBE5C1002494B7 /* Beta.xcconfig in Resources */ = {isa = PBXBuildFile; fileRef = 388038782CCBE5C1002494B7 /* Beta.xcconfig */; };
		3880387B2CCBE695002494B7 /* Alpha.xcconfig in Resources */ = {isa = PBXBuildFile; fileRef = 3880387A2CCBE695002494B7 /* Alpha.xcconfig */; };
		3880387D2CCBE6DD002494B7 /* Stable.xcconfig in Resources */ = {isa = PBXBuildFile; fileRef = 3880387C2CCBE6DD002494B7 /* Stable.xcconfig */; };
		3880387F2CCBE76E002494B7 /* Development.xcconfig in Resources */ = {isa = PBXBuildFile; fileRef = 3880387E2CCBE76E002494B7 /* Development.xcconfig */; };
		388038922CCBF59F002494B7 /* FirebaseAnalytics in Frameworks */ = {isa = PBXBuildFile; productRef = 388038912CCBF59F002494B7 /* FirebaseAnalytics */; };
		388038942CCBF59F002494B7 /* FirebaseAuth in Frameworks */ = {isa = PBXBuildFile; productRef = 388038932CCBF59F002494B7 /* FirebaseAuth */; };
		388038962CCBF59F002494B7 /* FirebaseCore in Frameworks */ = {isa = PBXBuildFile; productRef = 388038952CCBF59F002494B7 /* FirebaseCore */; };
		388038982CCBF59F002494B7 /* FirebaseCrashlytics in Frameworks */ = {isa = PBXBuildFile; productRef = 388038972CCBF59F002494B7 /* FirebaseCrashlytics */; };
		3880389A2CCBF59F002494B7 /* FirebaseDynamicLinks in Frameworks */ = {isa = PBXBuildFile; productRef = 388038992CCBF59F002494B7 /* FirebaseDynamicLinks */; };
		3880389C2CCBF59F002494B7 /* FirebaseFirestore in Frameworks */ = {isa = PBXBuildFile; productRef = 3880389B2CCBF59F002494B7 /* FirebaseFirestore */; };
		3880389E2CCBF59F002494B7 /* FirebaseInstallations in Frameworks */ = {isa = PBXBuildFile; productRef = 3880389D2CCBF59F002494B7 /* FirebaseInstallations */; };
		388038A02CCBF59F002494B7 /* FirebasePerformance in Frameworks */ = {isa = PBXBuildFile; productRef = 3880389F2CCBF59F002494B7 /* FirebasePerformance */; };
		388038A22CCBF59F002494B7 /* FirebaseStorage in Frameworks */ = {isa = PBXBuildFile; productRef = 388038A12CCBF59F002494B7 /* FirebaseStorage */; };
		388038A92CCBF74A002494B7 /* GoogleService-Info.plist in Resources */ = {isa = PBXBuildFile; fileRef = 388038A82CCBF74A002494B7 /* GoogleService-Info.plist */; };
		388038AC2CCBF7E1002494B7 /* AccessibilityKit in Frameworks */ = {isa = PBXBuildFile; productRef = 388038AB2CCBF7E1002494B7 /* AccessibilityKit */; };
		388038AE2CCBF7E1002494B7 /* ScribbleFoundation in Frameworks */ = {isa = PBXBuildFile; productRef = 388038AD2CCBF7E1002494B7 /* ScribbleFoundation */; };
		388038B02CCBF7E1002494B7 /* ScribbleFoundationUI in Frameworks */ = {isa = PBXBuildFile; productRef = 388038AF2CCBF7E1002494B7 /* ScribbleFoundationUI */; };
		388038B22CCBF7E1002494B7 /* UpdateService in Frameworks */ = {isa = PBXBuildFile; productRef = 388038B12CCBF7E1002494B7 /* UpdateService */; };
		388038B92CCBFDBE002494B7 /* PrivacyInfo.xcprivacy in Resources */ = {isa = PBXBuildFile; fileRef = 388038B82CCBFDBE002494B7 /* PrivacyInfo.xcprivacy */; };
		388038BC2CCBFF4C002494B7 /* GoogleSignIn in Frameworks */ = {isa = PBXBuildFile; productRef = 388038BB2CCBFF4C002494B7 /* GoogleSignIn */; };
		388038BE2CCBFF4C002494B7 /* GoogleSignInSwift in Frameworks */ = {isa = PBXBuildFile; productRef = 388038BD2CCBFF4C002494B7 /* GoogleSignInSwift */; };
/* End PBXBuildFile section */

/* Begin PBXContainerItemProxy section */
		388DC8162CCBE37200C80FF9 /* PBXContainerItemProxy */ = {
			isa = PBXContainerItemProxy;
			containerPortal = 388DC7FC2CCBE36F00C80FF9 /* Project object */;
			proxyType = 1;
			remoteGlobalIDString = 388DC8032CCBE36F00C80FF9;
			remoteInfo = ScribbleLab;
		};
		388DC8202CCBE37200C80FF9 /* PBXContainerItemProxy */ = {
			isa = PBXContainerItemProxy;
			containerPortal = 388DC7FC2CCBE36F00C80FF9 /* Project object */;
			proxyType = 1;
			remoteGlobalIDString = 388DC8032CCBE36F00C80FF9;
			remoteInfo = ScribbleLab;
		};
/* End PBXContainerItemProxy section */

/* Begin PBXFileReference section */
		388038782CCBE5C1002494B7 /* Beta.xcconfig */ = {isa = PBXFileReference; lastKnownFileType = text.xcconfig; path = Beta.xcconfig; sourceTree = "<group>"; };
		3880387A2CCBE695002494B7 /* Alpha.xcconfig */ = {isa = PBXFileReference; lastKnownFileType = text.xcconfig; path = Alpha.xcconfig; sourceTree = "<group>"; };
		3880387C2CCBE6DD002494B7 /* Stable.xcconfig */ = {isa = PBXFileReference; lastKnownFileType = text.xcconfig; path = Stable.xcconfig; sourceTree = "<group>"; };
		3880387E2CCBE76E002494B7 /* Development.xcconfig */ = {isa = PBXFileReference; lastKnownFileType = text.xcconfig; path = Development.xcconfig; sourceTree = "<group>"; };
		3880388A2CCBEAAE002494B7 /* generate-sources.sh */ = {isa = PBXFileReference; lastKnownFileType = text.script.sh; path = "generate-sources.sh"; sourceTree = "<group>"; };
		3880388B2CCBEAAE002494B7 /* gyb */ = {isa = PBXFileReference; lastKnownFileType = text; path = gyb; sourceTree = "<group>"; };
		3880388C2CCBEAAE002494B7 /* gyb.py */ = {isa = PBXFileReference; lastKnownFileType = text.script.python; path = gyb.py; sourceTree = "<group>"; };
		3880388D2CCBEAAE002494B7 /* gyb_utils.py */ = {isa = PBXFileReference; lastKnownFileType = text.script.python; path = gyb_utils.py; sourceTree = "<group>"; };
		3880388E2CCBEAAE002494B7 /* README.md */ = {isa = PBXFileReference; lastKnownFileType = net.daringfireball.markdown; path = README.md; sourceTree = "<group>"; };
		388038A82CCBF74A002494B7 /* GoogleService-Info.plist */ = {isa = PBXFileReference; lastKnownFileType = text.plist.xml; path = "GoogleService-Info.plist"; sourceTree = "<group>"; };
		388038B82CCBFDBE002494B7 /* PrivacyInfo.xcprivacy */ = {isa = PBXFileReference; lastKnownFileType = text.xml; path = PrivacyInfo.xcprivacy; sourceTree = "<group>"; };
		388DC8042CCBE36F00C80FF9 /* ScribbleLab.app */ = {isa = PBXFileReference; explicitFileType = wrapper.application; includeInIndex = 0; path = ScribbleLab.app; sourceTree = BUILT_PRODUCTS_DIR; };
		388DC8152CCBE37200C80FF9 /* ScribbleLabTests.xctest */ = {isa = PBXFileReference; explicitFileType = wrapper.cfbundle; includeInIndex = 0; path = ScribbleLabTests.xctest; sourceTree = BUILT_PRODUCTS_DIR; };
		388DC81F2CCBE37200C80FF9 /* ScribbleLabUITests.xctest */ = {isa = PBXFileReference; explicitFileType = wrapper.cfbundle; includeInIndex = 0; path = ScribbleLabUITests.xctest; sourceTree = BUILT_PRODUCTS_DIR; };
/* End PBXFileReference section */

/* Begin PBXFileSystemSynchronizedRootGroup section */
		388DC8062CCBE36F00C80FF9 /* ScribbleLab */ = {
			isa = PBXFileSystemSynchronizedRootGroup;
			path = ScribbleLab;
			sourceTree = "<group>";
		};
		388DC8182CCBE37200C80FF9 /* ScribbleLabTests */ = {
			isa = PBXFileSystemSynchronizedRootGroup;
			path = ScribbleLabTests;
			sourceTree = "<group>";
		};
		388DC8222CCBE37200C80FF9 /* ScribbleLabUITests */ = {
			isa = PBXFileSystemSynchronizedRootGroup;
			path = ScribbleLabUITests;
			sourceTree = "<group>";
		};
/* End PBXFileSystemSynchronizedRootGroup section */

/* Begin PBXFrameworksBuildPhase section */
		388DC8012CCBE36F00C80FF9 /* Frameworks */ = {
			isa = PBXFrameworksBuildPhase;
			buildActionMask = 2147483647;
			files = (
				388038BE2CCBFF4C002494B7 /* GoogleSignInSwift in Frameworks */,
				388038922CCBF59F002494B7 /* FirebaseAnalytics in Frameworks */,
				3880389E2CCBF59F002494B7 /* FirebaseInstallations in Frameworks */,
				388038AE2CCBF7E1002494B7 /* ScribbleFoundation in Frameworks */,
				388038B02CCBF7E1002494B7 /* ScribbleFoundationUI in Frameworks */,
				388038A22CCBF59F002494B7 /* FirebaseStorage in Frameworks */,
				388038982CCBF59F002494B7 /* FirebaseCrashlytics in Frameworks */,
				388038AC2CCBF7E1002494B7 /* AccessibilityKit in Frameworks */,
				388038962CCBF59F002494B7 /* FirebaseCore in Frameworks */,
				388038942CCBF59F002494B7 /* FirebaseAuth in Frameworks */,
				3880389A2CCBF59F002494B7 /* FirebaseDynamicLinks in Frameworks */,
				388038B22CCBF7E1002494B7 /* UpdateService in Frameworks */,
				388038A02CCBF59F002494B7 /* FirebasePerformance in Frameworks */,
				3880389C2CCBF59F002494B7 /* FirebaseFirestore in Frameworks */,
				388038BC2CCBFF4C002494B7 /* GoogleSignIn in Frameworks */,
			);
			runOnlyForDeploymentPostprocessing = 0;
		};
		388DC8122CCBE37200C80FF9 /* Frameworks */ = {
			isa = PBXFrameworksBuildPhase;
			buildActionMask = 2147483647;
			files = (
			);
			runOnlyForDeploymentPostprocessing = 0;
		};
		388DC81C2CCBE37200C80FF9 /* Frameworks */ = {
			isa = PBXFrameworksBuildPhase;
			buildActionMask = 2147483647;
			files = (
			);
			runOnlyForDeploymentPostprocessing = 0;
		};
/* End PBXFrameworksBuildPhase section */

/* Begin PBXGroup section */
		388038772CCBE59E002494B7 /* Configuration */ = {
			isa = PBXGroup;
			children = (
				388038782CCBE5C1002494B7 /* Beta.xcconfig */,
				3880387A2CCBE695002494B7 /* Alpha.xcconfig */,
				3880387C2CCBE6DD002494B7 /* Stable.xcconfig */,
				3880387E2CCBE76E002494B7 /* Development.xcconfig */,
			);
			path = Configuration;
			sourceTree = "<group>";
		};
		3880388F2CCBEAAE002494B7 /* Utilities */ = {
			isa = PBXGroup;
			children = (
				3880388A2CCBEAAE002494B7 /* generate-sources.sh */,
				3880388B2CCBEAAE002494B7 /* gyb */,
				3880388C2CCBEAAE002494B7 /* gyb.py */,
				3880388D2CCBEAAE002494B7 /* gyb_utils.py */,
				3880388E2CCBEAAE002494B7 /* README.md */,
			);
			path = Utilities;
			sourceTree = "<group>";
		};
		388DC7FB2CCBE36F00C80FF9 = {
			isa = PBXGroup;
			children = (
				388038B82CCBFDBE002494B7 /* PrivacyInfo.xcprivacy */,
				388038A82CCBF74A002494B7 /* GoogleService-Info.plist */,
				3880388F2CCBEAAE002494B7 /* Utilities */,
				388038772CCBE59E002494B7 /* Configuration */,
				388DC8062CCBE36F00C80FF9 /* ScribbleLab */,
				388DC8182CCBE37200C80FF9 /* ScribbleLabTests */,
				388DC8222CCBE37200C80FF9 /* ScribbleLabUITests */,
				388DC8052CCBE36F00C80FF9 /* Products */,
			);
			sourceTree = "<group>";
		};
		388DC8052CCBE36F00C80FF9 /* Products */ = {
			isa = PBXGroup;
			children = (
				388DC8042CCBE36F00C80FF9 /* ScribbleLab.app */,
				388DC8152CCBE37200C80FF9 /* ScribbleLabTests.xctest */,
				388DC81F2CCBE37200C80FF9 /* ScribbleLabUITests.xctest */,
			);
			name = Products;
			sourceTree = "<group>";
		};
/* End PBXGroup section */

/* Begin PBXNativeTarget section */
		388DC8032CCBE36F00C80FF9 /* ScribbleLab */ = {
			isa = PBXNativeTarget;
			buildConfigurationList = 388DC8292CCBE37200C80FF9 /* Build configuration list for PBXNativeTarget "ScribbleLab" */;
			buildPhases = (
				388038892CCBEA0C002494B7 /* Process GYB Source Templates */,
				388038882CCBE950002494B7 /* Swiftlint */,
				388DC8002CCBE36F00C80FF9 /* Sources */,
				388DC8012CCBE36F00C80FF9 /* Frameworks */,
				388DC8022CCBE36F00C80FF9 /* Resources */,
			);
			buildRules = (
			);
			dependencies = (
			);
			fileSystemSynchronizedGroups = (
				388DC8062CCBE36F00C80FF9 /* ScribbleLab */,
			);
			name = ScribbleLab;
			packageProductDependencies = (
				388038912CCBF59F002494B7 /* FirebaseAnalytics */,
				388038932CCBF59F002494B7 /* FirebaseAuth */,
				388038952CCBF59F002494B7 /* FirebaseCore */,
				388038972CCBF59F002494B7 /* FirebaseCrashlytics */,
				388038992CCBF59F002494B7 /* FirebaseDynamicLinks */,
				3880389B2CCBF59F002494B7 /* FirebaseFirestore */,
				3880389D2CCBF59F002494B7 /* FirebaseInstallations */,
				3880389F2CCBF59F002494B7 /* FirebasePerformance */,
				388038A12CCBF59F002494B7 /* FirebaseStorage */,
				388038AB2CCBF7E1002494B7 /* AccessibilityKit */,
				388038AD2CCBF7E1002494B7 /* ScribbleFoundation */,
				388038AF2CCBF7E1002494B7 /* ScribbleFoundationUI */,
				388038B12CCBF7E1002494B7 /* UpdateService */,
				388038BB2CCBFF4C002494B7 /* GoogleSignIn */,
				388038BD2CCBFF4C002494B7 /* GoogleSignInSwift */,
			);
			productName = ScribbleLab;
			productReference = 388DC8042CCBE36F00C80FF9 /* ScribbleLab.app */;
			productType = "com.apple.product-type.application";
		};
		388DC8142CCBE37200C80FF9 /* ScribbleLabTests */ = {
			isa = PBXNativeTarget;
			buildConfigurationList = 388DC82C2CCBE37200C80FF9 /* Build configuration list for PBXNativeTarget "ScribbleLabTests" */;
			buildPhases = (
				388DC8112CCBE37200C80FF9 /* Sources */,
				388DC8122CCBE37200C80FF9 /* Frameworks */,
				388DC8132CCBE37200C80FF9 /* Resources */,
			);
			buildRules = (
			);
			dependencies = (
				388DC8172CCBE37200C80FF9 /* PBXTargetDependency */,
			);
			fileSystemSynchronizedGroups = (
				388DC8182CCBE37200C80FF9 /* ScribbleLabTests */,
			);
			name = ScribbleLabTests;
			packageProductDependencies = (
			);
			productName = ScribbleLabTests;
			productReference = 388DC8152CCBE37200C80FF9 /* ScribbleLabTests.xctest */;
			productType = "com.apple.product-type.bundle.unit-test";
		};
		388DC81E2CCBE37200C80FF9 /* ScribbleLabUITests */ = {
			isa = PBXNativeTarget;
			buildConfigurationList = 388DC82F2CCBE37200C80FF9 /* Build configuration list for PBXNativeTarget "ScribbleLabUITests" */;
			buildPhases = (
				388DC81B2CCBE37200C80FF9 /* Sources */,
				388DC81C2CCBE37200C80FF9 /* Frameworks */,
				388DC81D2CCBE37200C80FF9 /* Resources */,
			);
			buildRules = (
			);
			dependencies = (
				388DC8212CCBE37200C80FF9 /* PBXTargetDependency */,
			);
			fileSystemSynchronizedGroups = (
				388DC8222CCBE37200C80FF9 /* ScribbleLabUITests */,
			);
			name = ScribbleLabUITests;
			packageProductDependencies = (
			);
			productName = ScribbleLabUITests;
			productReference = 388DC81F2CCBE37200C80FF9 /* ScribbleLabUITests.xctest */;
			productType = "com.apple.product-type.bundle.ui-testing";
		};
/* End PBXNativeTarget section */

/* Begin PBXProject section */
		388DC7FC2CCBE36F00C80FF9 /* Project object */ = {
			isa = PBXProject;
			attributes = {
				BuildIndependentTargetsInParallel = 1;
				LastSwiftUpdateCheck = 1600;
				LastUpgradeCheck = 1600;
				TargetAttributes = {
					388DC8032CCBE36F00C80FF9 = {
						CreatedOnToolsVersion = 16.0;
					};
					388DC8142CCBE37200C80FF9 = {
						CreatedOnToolsVersion = 16.0;
						TestTargetID = 388DC8032CCBE36F00C80FF9;
					};
					388DC81E2CCBE37200C80FF9 = {
						CreatedOnToolsVersion = 16.0;
						TestTargetID = 388DC8032CCBE36F00C80FF9;
					};
				};
			};
			buildConfigurationList = 388DC7FF2CCBE36F00C80FF9 /* Build configuration list for PBXProject "ScribbleLab" */;
			developmentRegion = en;
			hasScannedForEncodings = 0;
			knownRegions = (
				en,
				Base,
			);
			mainGroup = 388DC7FB2CCBE36F00C80FF9;
			minimizedProjectReferenceProxies = 1;
			packageReferences = (
				388038902CCBF59E002494B7 /* XCRemoteSwiftPackageReference "firebase-ios-sdk" */,
				388038AA2CCBF7E1002494B7 /* XCRemoteSwiftPackageReference "ScribbleFoundation" */,
				388038BA2CCBFF4C002494B7 /* XCRemoteSwiftPackageReference "GoogleSignIn-iOS" */,
			);
			preferredProjectObjectVersion = 77;
			productRefGroup = 388DC8052CCBE36F00C80FF9 /* Products */;
			projectDirPath = "";
			projectRoot = "";
			targets = (
				388DC8032CCBE36F00C80FF9 /* ScribbleLab */,
				388DC8142CCBE37200C80FF9 /* ScribbleLabTests */,
				388DC81E2CCBE37200C80FF9 /* ScribbleLabUITests */,
			);
		};
/* End PBXProject section */

/* Begin PBXResourcesBuildPhase section */
		388DC8022CCBE36F00C80FF9 /* Resources */ = {
			isa = PBXResourcesBuildPhase;
			buildActionMask = 2147483647;
			files = (
				3880387F2CCBE76E002494B7 /* Development.xcconfig in Resources */,
				388038792CCBE5C1002494B7 /* Beta.xcconfig in Resources */,
				3880387B2CCBE695002494B7 /* Alpha.xcconfig in Resources */,
				3880387D2CCBE6DD002494B7 /* Stable.xcconfig in Resources */,
				388038B92CCBFDBE002494B7 /* PrivacyInfo.xcprivacy in Resources */,
				388038A92CCBF74A002494B7 /* GoogleService-Info.plist in Resources */,
			);
			runOnlyForDeploymentPostprocessing = 0;
		};
		388DC8132CCBE37200C80FF9 /* Resources */ = {
			isa = PBXResourcesBuildPhase;
			buildActionMask = 2147483647;
			files = (
			);
			runOnlyForDeploymentPostprocessing = 0;
		};
		388DC81D2CCBE37200C80FF9 /* Resources */ = {
			isa = PBXResourcesBuildPhase;
			buildActionMask = 2147483647;
			files = (
			);
			runOnlyForDeploymentPostprocessing = 0;
		};
/* End PBXResourcesBuildPhase section */

/* Begin PBXShellScriptBuildPhase section */
		388038882CCBE950002494B7 /* Swiftlint */ = {
			isa = PBXShellScriptBuildPhase;
			buildActionMask = 2147483647;
			files = (
			);
			inputFileListPaths = (
			);
			inputPaths = (
			);
			name = Swiftlint;
			outputFileListPaths = (
			);
			outputPaths = (
			);
			runOnlyForDeploymentPostprocessing = 0;
			shellPath = /bin/sh;
			shellScript = "#!/bin/bash\n\n#\n#  Copyright (c) 2024, ScribbleLabApp LLC\n#\n#  Redistribution and use in source and binary forms, with or without\n#  modification, are permitted provided that the following conditions are met:\n#\n#  1. Redistributions of source code must retain the above copyright notice, this\n#     list of conditions and the following disclaimer.\n#\n#  2. Redistributions in binary form must reproduce the above copyright notice,\n#     this list of conditions and the following disclaimer in the documentation\n#     and/or other materials provided with the distribution.\n#\n#  3. Neither the name of the copyright holder nor the names of its\n#     contributors may be used to endorse or promote products derived from\n#     this software without specific prior written permission.\n#\n#  THIS SOFTWARE IS PROVIDED BY THE COPYRIGHT HOLDERS AND CONTRIBUTORS \"AS IS\"\n#  AND ANY EXPRESS OR IMPLIED WARRANTIES, INCLUDING, BUT NOT LIMITED TO, THE\n#  IMPLIED WARRANTIES OF MERCHANTABILITY AND FITNESS FOR A PARTICULAR PURPOSE ARE\n#  DISCLAIMED. IN NO EVENT SHALL THE COPYRIGHT HOLDER OR CONTRIBUTORS BE LIABLE\n#  FOR ANY DIRECT, INDIRECT, INCIDENTAL, SPECIAL, EXEMPLARY, OR CONSEQUENTIAL\n#  DAMAGES (INCLUDING, BUT NOT LIMITED TO, PROCUREMENT OF SUBSTITUTE GOODS OR\n#  SERVICES; LOSS OF USE, DATA, OR PROFITS; OR BUSINESS INTERRUPTION) HOWEVER\n#  CAUSED AND ON ANY THEORY OF LIABILITY, WHETHER IN CONTRACT, STRICT LIABILITY,\n#  OR TORT (INCLUDING NEGLIGENCE OR OTHERWISE) ARISING IN ANY WAY OUT OF THE USE\n#  OF THIS SOFTWARE, EVEN IF ADVISED OF THE POSSIBILITY OF SUCH DAMAGE.\n#\n\nif [[ \"$(uname -m)\" == arm64 ]]\nthen\n    export PATH=\"/opt/homebrew/bin:$PATH\"\nfi\n\nif command -v swiftlint >/dev/null 2>&1\nthen\n    swiftlint\nelse\n    echo \"warning: `swiftlint` command not found - See https://github.com/realm/SwiftLint#installation for installation instructions.\"\nfi\n";
		};
		388038892CCBEA0C002494B7 /* Process GYB Source Templates */ = {
			isa = PBXShellScriptBuildPhase;
			buildActionMask = 2147483647;
			files = (
			);
			inputFileListPaths = (
			);
			inputPaths = (
			);
			name = "Process GYB Source Templates";
			outputFileListPaths = (
			);
			outputPaths = (
			);
			runOnlyForDeploymentPostprocessing = 0;
			shellPath = /bin/sh;
			shellScript = "#!/bin/bash\n\n# \n#  Copyright (c) 2024, ScribbleLabApp LLC\n#\n#  Redistribution and use in source and binary forms, with or without\n#  modification, are permitted provided that the following conditions are met:\n# \n#  1. Redistributions of source code must retain the above copyright notice, this\n#     list of conditions and the following disclaimer.\n# \n#  2. Redistributions in binary form must reproduce the above copyright notice\n#     and the following disclaimer in the documentation and/or other materials\n#     provided with the distribution.\n# \n#  3. Neither the name of the copyright holder nor the names of its contributors\n#     may be used to endorse or promote products derived from this software\n#     without specific prior written permission.\n# \n#  THIS SOFTWARE IS PROVIDED BY THE COPYRIGHT HOLDERS AND CONTRIBUTORS \"AS IS\"\n#  AND ANY EXPRESS OR IMPLIED WARRANTIES, INCLUDING, BUT NOT LIMITED TO, THE\n#  IMPLIED WARRANTIES OF MERCHANTABILITY AND FITNESS FOR A PARTICULAR PURPOSE ARE\n#  DISCLAIMED. IN NO EVENT SHALL THE COPYRIGHT HOLDER OR CONTRIBUTORS BE LIABLE\n#  FOR ANY DIRECT, INDIRECT, INCIDENTAL, SPECIAL, EXEMPLARY, OR CONSEQUENTIAL\n#  DAMAGES (INCLUDING, BUT NOT LIMITED TO, PROCUREMENT OF SUBSTITUTE GOODS OR\n#  SERVICES; LOSS OF USE, DATA, OR PROFITS; OR BUSINESS INTERRUPTION) HOWEVER\n#  CAUSED AND ON ANY THEORY OF LIABILITY, WHETHER IN CONTRACT, STRICT LIABILITY,\n#  OR TORT (INCLUDING NEGLIGENCE OR OTHERWISE) ARISING IN ANY WAY OUT OF THE USE\n#  OF THIS SOFTWARE, EVEN IF ADVISED OF THE POSSIBILITY OF SUCH DAMAGE.\n#\n\nPROJECT_ROOT=\"$SRCROOT\"\nGENERATE_SCRIPT=\"$PROJECT_ROOT/Utilities/generate-sources.sh\"\n\necho \"DEBUG_ONLY: PATH Overview\"\necho \"PROJECT_DIR: $PROJECT_DIR\"\necho \"SRCROOT: $SRCROOT\"\necho \"SCRIPT: $GENERATE_SCRIPT\"\n\nif [ ! -f \"$GENERATE_SCRIPT\" ]; then\n  echo \"Error: generate-sources.sh not found at $GENERATE_SCRIPT\"\n  exit 1\nfi\n\necho \"Running generate-sources.sh...\"\n\"$GENERATE_SCRIPT\"\n\nGYB_FILES=$(find \"$PROJECT_ROOT\" -name '*.gyb')\nif [ -z \"$GYB_FILES\" ]; then\n  echo \"No .gyb files found. Skipping further monitoring.\"\n  exit 0\nfi\n\necho \"Watching for changes in .gyb files...\"\ninotifywait -m -e modify -r \"$PROJECT_ROOT\" --include '\\.gyb$' |\nwhile read -r path _ file; do\n  echo \"Detected change in $file, running generate-sources.sh...\"\n  \"$GENERATE_SCRIPT\"\ndone\n";
		};
/* End PBXShellScriptBuildPhase section */

/* Begin PBXSourcesBuildPhase section */
		388DC8002CCBE36F00C80FF9 /* Sources */ = {
			isa = PBXSourcesBuildPhase;
			buildActionMask = 2147483647;
			files = (
			);
			runOnlyForDeploymentPostprocessing = 0;
		};
		388DC8112CCBE37200C80FF9 /* Sources */ = {
			isa = PBXSourcesBuildPhase;
			buildActionMask = 2147483647;
			files = (
			);
			runOnlyForDeploymentPostprocessing = 0;
		};
		388DC81B2CCBE37200C80FF9 /* Sources */ = {
			isa = PBXSourcesBuildPhase;
			buildActionMask = 2147483647;
			files = (
			);
			runOnlyForDeploymentPostprocessing = 0;
		};
/* End PBXSourcesBuildPhase section */

/* Begin PBXTargetDependency section */
		388DC8172CCBE37200C80FF9 /* PBXTargetDependency */ = {
			isa = PBXTargetDependency;
			target = 388DC8032CCBE36F00C80FF9 /* ScribbleLab */;
			targetProxy = 388DC8162CCBE37200C80FF9 /* PBXContainerItemProxy */;
		};
		388DC8212CCBE37200C80FF9 /* PBXTargetDependency */ = {
			isa = PBXTargetDependency;
			target = 388DC8032CCBE36F00C80FF9 /* ScribbleLab */;
			targetProxy = 388DC8202CCBE37200C80FF9 /* PBXContainerItemProxy */;
		};
/* End PBXTargetDependency section */

/* Begin XCBuildConfiguration section */
		388038802CCBE829002494B7 /* Alpha */ = {
			isa = XCBuildConfiguration;
			baseConfigurationReference = 3880387A2CCBE695002494B7 /* Alpha.xcconfig */;
			buildSettings = {
				ALWAYS_SEARCH_USER_PATHS = NO;
				ASSETCATALOG_COMPILER_GENERATE_SWIFT_ASSET_SYMBOL_EXTENSIONS = YES;
				CLANG_ANALYZER_NONNULL = YES;
				CLANG_ANALYZER_NUMBER_OBJECT_CONVERSION = YES_AGGRESSIVE;
				CLANG_CXX_LANGUAGE_STANDARD = "gnu++20";
				CLANG_ENABLE_MODULES = YES;
				CLANG_ENABLE_OBJC_ARC = YES;
				CLANG_ENABLE_OBJC_WEAK = YES;
				CLANG_WARN_BLOCK_CAPTURE_AUTORELEASING = YES;
				CLANG_WARN_BOOL_CONVERSION = YES;
				CLANG_WARN_COMMA = YES;
				CLANG_WARN_CONSTANT_CONVERSION = YES;
				CLANG_WARN_DEPRECATED_OBJC_IMPLEMENTATIONS = YES;
				CLANG_WARN_DIRECT_OBJC_ISA_USAGE = YES_ERROR;
				CLANG_WARN_DOCUMENTATION_COMMENTS = YES;
				CLANG_WARN_EMPTY_BODY = YES;
				CLANG_WARN_ENUM_CONVERSION = YES;
				CLANG_WARN_INFINITE_RECURSION = YES;
				CLANG_WARN_INT_CONVERSION = YES;
				CLANG_WARN_NON_LITERAL_NULL_CONVERSION = YES;
				CLANG_WARN_OBJC_IMPLICIT_RETAIN_SELF = YES;
				CLANG_WARN_OBJC_LITERAL_CONVERSION = YES;
				CLANG_WARN_OBJC_ROOT_CLASS = YES_ERROR;
				CLANG_WARN_QUOTED_INCLUDE_IN_FRAMEWORK_HEADER = YES;
				CLANG_WARN_RANGE_LOOP_ANALYSIS = YES;
				CLANG_WARN_STRICT_PROTOTYPES = YES;
				CLANG_WARN_SUSPICIOUS_MOVE = YES;
				CLANG_WARN_UNGUARDED_AVAILABILITY = YES_AGGRESSIVE;
				CLANG_WARN_UNREACHABLE_CODE = YES;
				CLANG_WARN__DUPLICATE_METHOD_MATCH = YES;
				COPY_PHASE_STRIP = NO;
				DEBUG_INFORMATION_FORMAT = dwarf;
				ENABLE_STRICT_OBJC_MSGSEND = YES;
				ENABLE_TESTABILITY = YES;
				ENABLE_USER_SCRIPT_SANDBOXING = NO;
				GCC_C_LANGUAGE_STANDARD = gnu17;
				GCC_DYNAMIC_NO_PIC = NO;
				GCC_NO_COMMON_BLOCKS = YES;
				GCC_OPTIMIZATION_LEVEL = 0;
				GCC_PREPROCESSOR_DEFINITIONS = (
					"DEBUG=1",
					"$(inherited)",
				);
				GCC_WARN_64_TO_32_BIT_CONVERSION = YES;
				GCC_WARN_ABOUT_RETURN_TYPE = YES_ERROR;
				GCC_WARN_UNDECLARED_SELECTOR = YES;
				GCC_WARN_UNINITIALIZED_AUTOS = YES_AGGRESSIVE;
				GCC_WARN_UNUSED_FUNCTION = YES;
				GCC_WARN_UNUSED_VARIABLE = YES;
				LOCALIZATION_PREFERS_STRING_CATALOGS = YES;
				MTL_ENABLE_DEBUG_INFO = INCLUDE_SOURCE;
				MTL_FAST_MATH = YES;
				ONLY_ACTIVE_ARCH = YES;
				SWIFT_ACTIVE_COMPILATION_CONDITIONS = "DEBUG $(inherited)";
				SWIFT_OPTIMIZATION_LEVEL = "-Onone";
			};
			name = Alpha;
		};
		388038812CCBE829002494B7 /* Alpha */ = {
			isa = XCBuildConfiguration;
			baseConfigurationReference = 3880387A2CCBE695002494B7 /* Alpha.xcconfig */;
			buildSettings = {
				ASSETCATALOG_COMPILER_APPICON_NAME = AppIcon;
				ASSETCATALOG_COMPILER_GLOBAL_ACCENT_COLOR_NAME = AccentColor;
				CODE_SIGN_ENTITLEMENTS = ScribbleLab/ScribbleLab.entitlements;
				CODE_SIGN_STYLE = Automatic;
				CURRENT_PROJECT_VERSION = 1;
				DEVELOPMENT_ASSET_PATHS = "\"ScribbleLab/Preview Content\"";
				DEVELOPMENT_TEAM = W93RMB5CDG;
				ENABLE_HARDENED_RUNTIME = YES;
				ENABLE_PREVIEWS = YES;
				GENERATE_INFOPLIST_FILE = YES;
				INFOPLIST_KEY_CFBundleDisplayName = ScribbleLab;
				INFOPLIST_KEY_LSApplicationCategoryType = "public.app-category.education";
				"INFOPLIST_KEY_UIApplicationSceneManifest_Generation[sdk=iphoneos*]" = YES;
				"INFOPLIST_KEY_UIApplicationSceneManifest_Generation[sdk=iphonesimulator*]" = YES;
				"INFOPLIST_KEY_UIApplicationSupportsIndirectInputEvents[sdk=iphoneos*]" = YES;
				"INFOPLIST_KEY_UIApplicationSupportsIndirectInputEvents[sdk=iphonesimulator*]" = YES;
				"INFOPLIST_KEY_UILaunchScreen_Generation[sdk=iphoneos*]" = YES;
				"INFOPLIST_KEY_UILaunchScreen_Generation[sdk=iphonesimulator*]" = YES;
				INFOPLIST_KEY_UIStatusBarHidden = YES;
				INFOPLIST_KEY_UIStatusBarStyle = "";
				"INFOPLIST_KEY_UIStatusBarStyle[sdk=iphoneos*]" = UIStatusBarStyleDefault;
				"INFOPLIST_KEY_UIStatusBarStyle[sdk=iphonesimulator*]" = UIStatusBarStyleDefault;
				INFOPLIST_KEY_UISupportedInterfaceOrientations = UIInterfaceOrientationPortrait;
				INFOPLIST_KEY_UISupportedInterfaceOrientations_iPad = "UIInterfaceOrientationLandscapeLeft UIInterfaceOrientationLandscapeRight UIInterfaceOrientationPortrait UIInterfaceOrientationPortraitUpsideDown";
				IPHONEOS_DEPLOYMENT_TARGET = 18.0;
				LD_RUNPATH_SEARCH_PATHS = "@executable_path/Frameworks";
				"LD_RUNPATH_SEARCH_PATHS[sdk=macosx*]" = "@executable_path/../Frameworks";
				MACOSX_DEPLOYMENT_TARGET = 14.5;
				MARKETING_VERSION = 1.0;
				PRODUCT_BUNDLE_IDENTIFIER = com.nhsystems.ScribbleLab;
				PRODUCT_NAME = "$(TARGET_NAME)";
				SDKROOT = auto;
				SUPPORTED_PLATFORMS = "iphoneos iphonesimulator macosx xros xrsimulator";
				SWIFT_EMIT_LOC_STRINGS = YES;
				SWIFT_VERSION = 5.0;
				TARGETED_DEVICE_FAMILY = "1,2,7";
				XROS_DEPLOYMENT_TARGET = 2.0;
			};
			name = Alpha;
		};
		388038822CCBE829002494B7 /* Alpha */ = {
			isa = XCBuildConfiguration;
			baseConfigurationReference = 3880387A2CCBE695002494B7 /* Alpha.xcconfig */;
			buildSettings = {
				BUNDLE_LOADER = "$(TEST_HOST)";
				CODE_SIGN_STYLE = Automatic;
				CURRENT_PROJECT_VERSION = 1;
				DEVELOPMENT_TEAM = W93RMB5CDG;
				GENERATE_INFOPLIST_FILE = YES;
				IPHONEOS_DEPLOYMENT_TARGET = 18.0;
				MACOSX_DEPLOYMENT_TARGET = 14.5;
				MARKETING_VERSION = 1.0;
				PRODUCT_BUNDLE_IDENTIFIER = com.nhsystems.ScribbleLabTests;
				PRODUCT_NAME = "$(TARGET_NAME)";
				SDKROOT = auto;
				SUPPORTED_PLATFORMS = "iphoneos iphonesimulator macosx xros xrsimulator";
				SWIFT_EMIT_LOC_STRINGS = NO;
				SWIFT_VERSION = 5.0;
				TARGETED_DEVICE_FAMILY = "1,2,7";
				TEST_HOST = "$(BUILT_PRODUCTS_DIR)/ScribbleLab.app/$(BUNDLE_EXECUTABLE_FOLDER_PATH)/ScribbleLab";
				XROS_DEPLOYMENT_TARGET = 2.0;
			};
			name = Alpha;
		};
		388038832CCBE829002494B7 /* Alpha */ = {
			isa = XCBuildConfiguration;
			baseConfigurationReference = 3880387A2CCBE695002494B7 /* Alpha.xcconfig */;
			buildSettings = {
				CODE_SIGN_STYLE = Automatic;
				CURRENT_PROJECT_VERSION = 1;
				DEVELOPMENT_TEAM = W93RMB5CDG;
				GENERATE_INFOPLIST_FILE = YES;
				IPHONEOS_DEPLOYMENT_TARGET = 18.0;
				MACOSX_DEPLOYMENT_TARGET = 14.5;
				MARKETING_VERSION = 1.0;
				PRODUCT_BUNDLE_IDENTIFIER = com.nhsystems.ScribbleLabUITests;
				PRODUCT_NAME = "$(TARGET_NAME)";
				SDKROOT = auto;
				SUPPORTED_PLATFORMS = "iphoneos iphonesimulator macosx xros xrsimulator";
				SWIFT_EMIT_LOC_STRINGS = NO;
				SWIFT_VERSION = 5.0;
				TARGETED_DEVICE_FAMILY = "1,2,7";
				TEST_TARGET_NAME = ScribbleLab;
				XROS_DEPLOYMENT_TARGET = 2.0;
			};
			name = Alpha;
		};
		388038842CCBE86D002494B7 /* Beta */ = {
			isa = XCBuildConfiguration;
			baseConfigurationReference = 3880387A2CCBE695002494B7 /* Alpha.xcconfig */;
			buildSettings = {
				ALWAYS_SEARCH_USER_PATHS = NO;
				ASSETCATALOG_COMPILER_GENERATE_SWIFT_ASSET_SYMBOL_EXTENSIONS = YES;
				CLANG_ANALYZER_NONNULL = YES;
				CLANG_ANALYZER_NUMBER_OBJECT_CONVERSION = YES_AGGRESSIVE;
				CLANG_CXX_LANGUAGE_STANDARD = "gnu++20";
				CLANG_ENABLE_MODULES = YES;
				CLANG_ENABLE_OBJC_ARC = YES;
				CLANG_ENABLE_OBJC_WEAK = YES;
				CLANG_WARN_BLOCK_CAPTURE_AUTORELEASING = YES;
				CLANG_WARN_BOOL_CONVERSION = YES;
				CLANG_WARN_COMMA = YES;
				CLANG_WARN_CONSTANT_CONVERSION = YES;
				CLANG_WARN_DEPRECATED_OBJC_IMPLEMENTATIONS = YES;
				CLANG_WARN_DIRECT_OBJC_ISA_USAGE = YES_ERROR;
				CLANG_WARN_DOCUMENTATION_COMMENTS = YES;
				CLANG_WARN_EMPTY_BODY = YES;
				CLANG_WARN_ENUM_CONVERSION = YES;
				CLANG_WARN_INFINITE_RECURSION = YES;
				CLANG_WARN_INT_CONVERSION = YES;
				CLANG_WARN_NON_LITERAL_NULL_CONVERSION = YES;
				CLANG_WARN_OBJC_IMPLICIT_RETAIN_SELF = YES;
				CLANG_WARN_OBJC_LITERAL_CONVERSION = YES;
				CLANG_WARN_OBJC_ROOT_CLASS = YES_ERROR;
				CLANG_WARN_QUOTED_INCLUDE_IN_FRAMEWORK_HEADER = YES;
				CLANG_WARN_RANGE_LOOP_ANALYSIS = YES;
				CLANG_WARN_STRICT_PROTOTYPES = YES;
				CLANG_WARN_SUSPICIOUS_MOVE = YES;
				CLANG_WARN_UNGUARDED_AVAILABILITY = YES_AGGRESSIVE;
				CLANG_WARN_UNREACHABLE_CODE = YES;
				CLANG_WARN__DUPLICATE_METHOD_MATCH = YES;
				COPY_PHASE_STRIP = NO;
				DEBUG_INFORMATION_FORMAT = dwarf;
				ENABLE_STRICT_OBJC_MSGSEND = YES;
				ENABLE_TESTABILITY = YES;
				ENABLE_USER_SCRIPT_SANDBOXING = NO;
				GCC_C_LANGUAGE_STANDARD = gnu17;
				GCC_DYNAMIC_NO_PIC = NO;
				GCC_NO_COMMON_BLOCKS = YES;
				GCC_OPTIMIZATION_LEVEL = 0;
				GCC_PREPROCESSOR_DEFINITIONS = (
					"DEBUG=1",
					"$(inherited)",
				);
				GCC_WARN_64_TO_32_BIT_CONVERSION = YES;
				GCC_WARN_ABOUT_RETURN_TYPE = YES_ERROR;
				GCC_WARN_UNDECLARED_SELECTOR = YES;
				GCC_WARN_UNINITIALIZED_AUTOS = YES_AGGRESSIVE;
				GCC_WARN_UNUSED_FUNCTION = YES;
				GCC_WARN_UNUSED_VARIABLE = YES;
				LOCALIZATION_PREFERS_STRING_CATALOGS = YES;
				MTL_ENABLE_DEBUG_INFO = INCLUDE_SOURCE;
				MTL_FAST_MATH = YES;
				ONLY_ACTIVE_ARCH = YES;
				SWIFT_ACTIVE_COMPILATION_CONDITIONS = "DEBUG $(inherited)";
				SWIFT_OPTIMIZATION_LEVEL = "-Onone";
			};
			name = Beta;
		};
		388038852CCBE86D002494B7 /* Beta */ = {
			isa = XCBuildConfiguration;
			baseConfigurationReference = 3880387A2CCBE695002494B7 /* Alpha.xcconfig */;
			buildSettings = {
				ASSETCATALOG_COMPILER_APPICON_NAME = AppIcon;
				ASSETCATALOG_COMPILER_GLOBAL_ACCENT_COLOR_NAME = AccentColor;
				CODE_SIGN_ENTITLEMENTS = ScribbleLab/ScribbleLab.entitlements;
				CODE_SIGN_STYLE = Automatic;
				CURRENT_PROJECT_VERSION = 1;
				DEVELOPMENT_ASSET_PATHS = "\"ScribbleLab/Preview Content\"";
				DEVELOPMENT_TEAM = W93RMB5CDG;
				ENABLE_HARDENED_RUNTIME = YES;
				ENABLE_PREVIEWS = YES;
				GENERATE_INFOPLIST_FILE = YES;
				INFOPLIST_KEY_CFBundleDisplayName = ScribbleLab;
				INFOPLIST_KEY_LSApplicationCategoryType = "public.app-category.education";
				"INFOPLIST_KEY_UIApplicationSceneManifest_Generation[sdk=iphoneos*]" = YES;
				"INFOPLIST_KEY_UIApplicationSceneManifest_Generation[sdk=iphonesimulator*]" = YES;
				"INFOPLIST_KEY_UIApplicationSupportsIndirectInputEvents[sdk=iphoneos*]" = YES;
				"INFOPLIST_KEY_UIApplicationSupportsIndirectInputEvents[sdk=iphonesimulator*]" = YES;
				"INFOPLIST_KEY_UILaunchScreen_Generation[sdk=iphoneos*]" = YES;
				"INFOPLIST_KEY_UILaunchScreen_Generation[sdk=iphonesimulator*]" = YES;
				INFOPLIST_KEY_UIStatusBarHidden = YES;
				INFOPLIST_KEY_UIStatusBarStyle = "";
				"INFOPLIST_KEY_UIStatusBarStyle[sdk=iphoneos*]" = UIStatusBarStyleDefault;
				"INFOPLIST_KEY_UIStatusBarStyle[sdk=iphonesimulator*]" = UIStatusBarStyleDefault;
				INFOPLIST_KEY_UISupportedInterfaceOrientations = UIInterfaceOrientationPortrait;
				INFOPLIST_KEY_UISupportedInterfaceOrientations_iPad = "UIInterfaceOrientationLandscapeLeft UIInterfaceOrientationLandscapeRight UIInterfaceOrientationPortrait UIInterfaceOrientationPortraitUpsideDown";
				IPHONEOS_DEPLOYMENT_TARGET = 18.0;
				LD_RUNPATH_SEARCH_PATHS = "@executable_path/Frameworks";
				"LD_RUNPATH_SEARCH_PATHS[sdk=macosx*]" = "@executable_path/../Frameworks";
				MACOSX_DEPLOYMENT_TARGET = 14.5;
				MARKETING_VERSION = 1.0;
				PRODUCT_BUNDLE_IDENTIFIER = com.nhsystems.ScribbleLab;
				PRODUCT_NAME = "$(TARGET_NAME)";
				SDKROOT = auto;
				SUPPORTED_PLATFORMS = "iphoneos iphonesimulator macosx xros xrsimulator";
				SWIFT_EMIT_LOC_STRINGS = YES;
				SWIFT_VERSION = 5.0;
				TARGETED_DEVICE_FAMILY = "1,2,7";
				XROS_DEPLOYMENT_TARGET = 2.0;
			};
			name = Beta;
		};
		388038862CCBE86D002494B7 /* Beta */ = {
			isa = XCBuildConfiguration;
			baseConfigurationReference = 3880387A2CCBE695002494B7 /* Alpha.xcconfig */;
			buildSettings = {
				BUNDLE_LOADER = "$(TEST_HOST)";
				CODE_SIGN_STYLE = Automatic;
				CURRENT_PROJECT_VERSION = 1;
				DEVELOPMENT_TEAM = W93RMB5CDG;
				GENERATE_INFOPLIST_FILE = YES;
				IPHONEOS_DEPLOYMENT_TARGET = 18.0;
				MACOSX_DEPLOYMENT_TARGET = 14.5;
				MARKETING_VERSION = 1.0;
				PRODUCT_BUNDLE_IDENTIFIER = com.nhsystems.ScribbleLabTests;
				PRODUCT_NAME = "$(TARGET_NAME)";
				SDKROOT = auto;
				SUPPORTED_PLATFORMS = "iphoneos iphonesimulator macosx xros xrsimulator";
				SWIFT_EMIT_LOC_STRINGS = NO;
				SWIFT_VERSION = 5.0;
				TARGETED_DEVICE_FAMILY = "1,2,7";
				TEST_HOST = "$(BUILT_PRODUCTS_DIR)/ScribbleLab.app/$(BUNDLE_EXECUTABLE_FOLDER_PATH)/ScribbleLab";
				XROS_DEPLOYMENT_TARGET = 2.0;
			};
			name = Beta;
		};
		388038872CCBE86D002494B7 /* Beta */ = {
			isa = XCBuildConfiguration;
			baseConfigurationReference = 3880387A2CCBE695002494B7 /* Alpha.xcconfig */;
			buildSettings = {
				CODE_SIGN_STYLE = Automatic;
				CURRENT_PROJECT_VERSION = 1;
				DEVELOPMENT_TEAM = W93RMB5CDG;
				GENERATE_INFOPLIST_FILE = YES;
				IPHONEOS_DEPLOYMENT_TARGET = 18.0;
				MACOSX_DEPLOYMENT_TARGET = 14.5;
				MARKETING_VERSION = 1.0;
				PRODUCT_BUNDLE_IDENTIFIER = com.nhsystems.ScribbleLabUITests;
				PRODUCT_NAME = "$(TARGET_NAME)";
				SDKROOT = auto;
				SUPPORTED_PLATFORMS = "iphoneos iphonesimulator macosx xros xrsimulator";
				SWIFT_EMIT_LOC_STRINGS = NO;
				SWIFT_VERSION = 5.0;
				TARGETED_DEVICE_FAMILY = "1,2,7";
				TEST_TARGET_NAME = ScribbleLab;
				XROS_DEPLOYMENT_TARGET = 2.0;
			};
			name = Beta;
		};
		388DC8272CCBE37200C80FF9 /* Debug */ = {
			isa = XCBuildConfiguration;
			baseConfigurationReference = 3880387E2CCBE76E002494B7 /* Development.xcconfig */;
			buildSettings = {
				ALWAYS_SEARCH_USER_PATHS = NO;
				ASSETCATALOG_COMPILER_GENERATE_SWIFT_ASSET_SYMBOL_EXTENSIONS = YES;
				CLANG_ANALYZER_NONNULL = YES;
				CLANG_ANALYZER_NUMBER_OBJECT_CONVERSION = YES_AGGRESSIVE;
				CLANG_CXX_LANGUAGE_STANDARD = "gnu++20";
				CLANG_ENABLE_MODULES = YES;
				CLANG_ENABLE_OBJC_ARC = YES;
				CLANG_ENABLE_OBJC_WEAK = YES;
				CLANG_WARN_BLOCK_CAPTURE_AUTORELEASING = YES;
				CLANG_WARN_BOOL_CONVERSION = YES;
				CLANG_WARN_COMMA = YES;
				CLANG_WARN_CONSTANT_CONVERSION = YES;
				CLANG_WARN_DEPRECATED_OBJC_IMPLEMENTATIONS = YES;
				CLANG_WARN_DIRECT_OBJC_ISA_USAGE = YES_ERROR;
				CLANG_WARN_DOCUMENTATION_COMMENTS = YES;
				CLANG_WARN_EMPTY_BODY = YES;
				CLANG_WARN_ENUM_CONVERSION = YES;
				CLANG_WARN_INFINITE_RECURSION = YES;
				CLANG_WARN_INT_CONVERSION = YES;
				CLANG_WARN_NON_LITERAL_NULL_CONVERSION = YES;
				CLANG_WARN_OBJC_IMPLICIT_RETAIN_SELF = YES;
				CLANG_WARN_OBJC_LITERAL_CONVERSION = YES;
				CLANG_WARN_OBJC_ROOT_CLASS = YES_ERROR;
				CLANG_WARN_QUOTED_INCLUDE_IN_FRAMEWORK_HEADER = YES;
				CLANG_WARN_RANGE_LOOP_ANALYSIS = YES;
				CLANG_WARN_STRICT_PROTOTYPES = YES;
				CLANG_WARN_SUSPICIOUS_MOVE = YES;
				CLANG_WARN_UNGUARDED_AVAILABILITY = YES_AGGRESSIVE;
				CLANG_WARN_UNREACHABLE_CODE = YES;
				CLANG_WARN__DUPLICATE_METHOD_MATCH = YES;
				COPY_PHASE_STRIP = NO;
				DEBUG_INFORMATION_FORMAT = dwarf;
				ENABLE_STRICT_OBJC_MSGSEND = YES;
				ENABLE_TESTABILITY = YES;
				ENABLE_USER_SCRIPT_SANDBOXING = NO;
				GCC_C_LANGUAGE_STANDARD = gnu17;
				GCC_DYNAMIC_NO_PIC = NO;
				GCC_NO_COMMON_BLOCKS = YES;
				GCC_OPTIMIZATION_LEVEL = 0;
				GCC_PREPROCESSOR_DEFINITIONS = (
					"DEBUG=1",
					"$(inherited)",
				);
				GCC_WARN_64_TO_32_BIT_CONVERSION = YES;
				GCC_WARN_ABOUT_RETURN_TYPE = YES_ERROR;
				GCC_WARN_UNDECLARED_SELECTOR = YES;
				GCC_WARN_UNINITIALIZED_AUTOS = YES_AGGRESSIVE;
				GCC_WARN_UNUSED_FUNCTION = YES;
				GCC_WARN_UNUSED_VARIABLE = YES;
				LOCALIZATION_PREFERS_STRING_CATALOGS = YES;
				MTL_ENABLE_DEBUG_INFO = INCLUDE_SOURCE;
				MTL_FAST_MATH = YES;
				ONLY_ACTIVE_ARCH = YES;
				SWIFT_ACTIVE_COMPILATION_CONDITIONS = "DEBUG $(inherited)";
				SWIFT_OPTIMIZATION_LEVEL = "-Onone";
			};
			name = Debug;
		};
		388DC8282CCBE37200C80FF9 /* Release */ = {
			isa = XCBuildConfiguration;
			baseConfigurationReference = 3880387C2CCBE6DD002494B7 /* Stable.xcconfig */;
			buildSettings = {
				ALWAYS_SEARCH_USER_PATHS = NO;
				ASSETCATALOG_COMPILER_GENERATE_SWIFT_ASSET_SYMBOL_EXTENSIONS = YES;
				CLANG_ANALYZER_NONNULL = YES;
				CLANG_ANALYZER_NUMBER_OBJECT_CONVERSION = YES_AGGRESSIVE;
				CLANG_CXX_LANGUAGE_STANDARD = "gnu++20";
				CLANG_ENABLE_MODULES = YES;
				CLANG_ENABLE_OBJC_ARC = YES;
				CLANG_ENABLE_OBJC_WEAK = YES;
				CLANG_WARN_BLOCK_CAPTURE_AUTORELEASING = YES;
				CLANG_WARN_BOOL_CONVERSION = YES;
				CLANG_WARN_COMMA = YES;
				CLANG_WARN_CONSTANT_CONVERSION = YES;
				CLANG_WARN_DEPRECATED_OBJC_IMPLEMENTATIONS = YES;
				CLANG_WARN_DIRECT_OBJC_ISA_USAGE = YES_ERROR;
				CLANG_WARN_DOCUMENTATION_COMMENTS = YES;
				CLANG_WARN_EMPTY_BODY = YES;
				CLANG_WARN_ENUM_CONVERSION = YES;
				CLANG_WARN_INFINITE_RECURSION = YES;
				CLANG_WARN_INT_CONVERSION = YES;
				CLANG_WARN_NON_LITERAL_NULL_CONVERSION = YES;
				CLANG_WARN_OBJC_IMPLICIT_RETAIN_SELF = YES;
				CLANG_WARN_OBJC_LITERAL_CONVERSION = YES;
				CLANG_WARN_OBJC_ROOT_CLASS = YES_ERROR;
				CLANG_WARN_QUOTED_INCLUDE_IN_FRAMEWORK_HEADER = YES;
				CLANG_WARN_RANGE_LOOP_ANALYSIS = YES;
				CLANG_WARN_STRICT_PROTOTYPES = YES;
				CLANG_WARN_SUSPICIOUS_MOVE = YES;
				CLANG_WARN_UNGUARDED_AVAILABILITY = YES_AGGRESSIVE;
				CLANG_WARN_UNREACHABLE_CODE = YES;
				CLANG_WARN__DUPLICATE_METHOD_MATCH = YES;
				COPY_PHASE_STRIP = NO;
				DEBUG_INFORMATION_FORMAT = "dwarf-with-dsym";
				ENABLE_NS_ASSERTIONS = NO;
				ENABLE_STRICT_OBJC_MSGSEND = YES;
				ENABLE_USER_SCRIPT_SANDBOXING = NO;
				GCC_C_LANGUAGE_STANDARD = gnu17;
				GCC_NO_COMMON_BLOCKS = YES;
				GCC_WARN_64_TO_32_BIT_CONVERSION = YES;
				GCC_WARN_ABOUT_RETURN_TYPE = YES_ERROR;
				GCC_WARN_UNDECLARED_SELECTOR = YES;
				GCC_WARN_UNINITIALIZED_AUTOS = YES_AGGRESSIVE;
				GCC_WARN_UNUSED_FUNCTION = YES;
				GCC_WARN_UNUSED_VARIABLE = YES;
				LOCALIZATION_PREFERS_STRING_CATALOGS = YES;
				MTL_ENABLE_DEBUG_INFO = NO;
				MTL_FAST_MATH = YES;
				SWIFT_COMPILATION_MODE = wholemodule;
			};
			name = Release;
		};
		388DC82A2CCBE37200C80FF9 /* Debug */ = {
			isa = XCBuildConfiguration;
			baseConfigurationReference = 3880387E2CCBE76E002494B7 /* Development.xcconfig */;
			buildSettings = {
				ASSETCATALOG_COMPILER_APPICON_NAME = AppIcon;
				ASSETCATALOG_COMPILER_GLOBAL_ACCENT_COLOR_NAME = AccentColor;
				CODE_SIGN_ENTITLEMENTS = ScribbleLab/ScribbleLab.entitlements;
				CODE_SIGN_STYLE = Automatic;
				CURRENT_PROJECT_VERSION = 1;
				DEVELOPMENT_ASSET_PATHS = "\"ScribbleLab/Preview Content\"";
				DEVELOPMENT_TEAM = W93RMB5CDG;
				ENABLE_HARDENED_RUNTIME = YES;
				ENABLE_PREVIEWS = YES;
				GENERATE_INFOPLIST_FILE = YES;
				INFOPLIST_KEY_CFBundleDisplayName = ScribbleLab;
				INFOPLIST_KEY_LSApplicationCategoryType = "public.app-category.education";
				"INFOPLIST_KEY_UIApplicationSceneManifest_Generation[sdk=iphoneos*]" = YES;
				"INFOPLIST_KEY_UIApplicationSceneManifest_Generation[sdk=iphonesimulator*]" = YES;
				"INFOPLIST_KEY_UIApplicationSupportsIndirectInputEvents[sdk=iphoneos*]" = YES;
				"INFOPLIST_KEY_UIApplicationSupportsIndirectInputEvents[sdk=iphonesimulator*]" = YES;
				"INFOPLIST_KEY_UILaunchScreen_Generation[sdk=iphoneos*]" = YES;
				"INFOPLIST_KEY_UILaunchScreen_Generation[sdk=iphonesimulator*]" = YES;
				INFOPLIST_KEY_UIStatusBarHidden = YES;
				INFOPLIST_KEY_UIStatusBarStyle = "";
				"INFOPLIST_KEY_UIStatusBarStyle[sdk=iphoneos*]" = UIStatusBarStyleDefault;
				"INFOPLIST_KEY_UIStatusBarStyle[sdk=iphonesimulator*]" = UIStatusBarStyleDefault;
				INFOPLIST_KEY_UISupportedInterfaceOrientations = UIInterfaceOrientationPortrait;
				INFOPLIST_KEY_UISupportedInterfaceOrientations_iPad = "UIInterfaceOrientationLandscapeLeft UIInterfaceOrientationLandscapeRight UIInterfaceOrientationPortrait UIInterfaceOrientationPortraitUpsideDown";
				IPHONEOS_DEPLOYMENT_TARGET = 18.0;
				LD_RUNPATH_SEARCH_PATHS = "@executable_path/Frameworks";
				"LD_RUNPATH_SEARCH_PATHS[sdk=macosx*]" = "@executable_path/../Frameworks";
				MACOSX_DEPLOYMENT_TARGET = 14.5;
				MARKETING_VERSION = 1.0;
				PRODUCT_BUNDLE_IDENTIFIER = com.nhsystems.ScribbleLab;
				PRODUCT_NAME = "$(TARGET_NAME)";
				SDKROOT = auto;
				SUPPORTED_PLATFORMS = "iphoneos iphonesimulator macosx xros xrsimulator";
				SWIFT_EMIT_LOC_STRINGS = YES;
				SWIFT_VERSION = 5.0;
				TARGETED_DEVICE_FAMILY = "1,2,7";
				XROS_DEPLOYMENT_TARGET = 2.0;
			};
			name = Debug;
		};
		388DC82B2CCBE37200C80FF9 /* Release */ = {
			isa = XCBuildConfiguration;
			baseConfigurationReference = 3880387C2CCBE6DD002494B7 /* Stable.xcconfig */;
			buildSettings = {
				ASSETCATALOG_COMPILER_APPICON_NAME = AppIcon;
				ASSETCATALOG_COMPILER_GLOBAL_ACCENT_COLOR_NAME = AccentColor;
				CODE_SIGN_ENTITLEMENTS = ScribbleLab/ScribbleLab.entitlements;
				CODE_SIGN_STYLE = Automatic;
				CURRENT_PROJECT_VERSION = 1;
				DEVELOPMENT_ASSET_PATHS = "\"ScribbleLab/Preview Content\"";
				DEVELOPMENT_TEAM = W93RMB5CDG;
				ENABLE_HARDENED_RUNTIME = YES;
				ENABLE_PREVIEWS = YES;
				GENERATE_INFOPLIST_FILE = YES;
				INFOPLIST_KEY_CFBundleDisplayName = ScribbleLab;
				INFOPLIST_KEY_LSApplicationCategoryType = "public.app-category.education";
				"INFOPLIST_KEY_UIApplicationSceneManifest_Generation[sdk=iphoneos*]" = YES;
				"INFOPLIST_KEY_UIApplicationSceneManifest_Generation[sdk=iphonesimulator*]" = YES;
				"INFOPLIST_KEY_UIApplicationSupportsIndirectInputEvents[sdk=iphoneos*]" = YES;
				"INFOPLIST_KEY_UIApplicationSupportsIndirectInputEvents[sdk=iphonesimulator*]" = YES;
				"INFOPLIST_KEY_UILaunchScreen_Generation[sdk=iphoneos*]" = YES;
				"INFOPLIST_KEY_UILaunchScreen_Generation[sdk=iphonesimulator*]" = YES;
				INFOPLIST_KEY_UIStatusBarHidden = YES;
				INFOPLIST_KEY_UIStatusBarStyle = "";
				"INFOPLIST_KEY_UIStatusBarStyle[sdk=iphoneos*]" = UIStatusBarStyleDefault;
				"INFOPLIST_KEY_UIStatusBarStyle[sdk=iphonesimulator*]" = UIStatusBarStyleDefault;
				INFOPLIST_KEY_UISupportedInterfaceOrientations = UIInterfaceOrientationPortrait;
				INFOPLIST_KEY_UISupportedInterfaceOrientations_iPad = "UIInterfaceOrientationLandscapeLeft UIInterfaceOrientationLandscapeRight UIInterfaceOrientationPortrait UIInterfaceOrientationPortraitUpsideDown";
				IPHONEOS_DEPLOYMENT_TARGET = 18.0;
				LD_RUNPATH_SEARCH_PATHS = "@executable_path/Frameworks";
				"LD_RUNPATH_SEARCH_PATHS[sdk=macosx*]" = "@executable_path/../Frameworks";
				MACOSX_DEPLOYMENT_TARGET = 14.5;
				MARKETING_VERSION = 1.0;
				PRODUCT_BUNDLE_IDENTIFIER = com.nhsystems.ScribbleLab;
				PRODUCT_NAME = "$(TARGET_NAME)";
				SDKROOT = auto;
				SUPPORTED_PLATFORMS = "iphoneos iphonesimulator macosx xros xrsimulator";
				SWIFT_EMIT_LOC_STRINGS = YES;
				SWIFT_VERSION = 5.0;
				TARGETED_DEVICE_FAMILY = "1,2,7";
				XROS_DEPLOYMENT_TARGET = 2.0;
			};
			name = Release;
		};
		388DC82D2CCBE37200C80FF9 /* Debug */ = {
			isa = XCBuildConfiguration;
			baseConfigurationReference = 3880387E2CCBE76E002494B7 /* Development.xcconfig */;
			buildSettings = {
				BUNDLE_LOADER = "$(TEST_HOST)";
				CODE_SIGN_STYLE = Automatic;
				CURRENT_PROJECT_VERSION = 1;
				DEVELOPMENT_TEAM = W93RMB5CDG;
				GENERATE_INFOPLIST_FILE = YES;
				IPHONEOS_DEPLOYMENT_TARGET = 18.0;
				MACOSX_DEPLOYMENT_TARGET = 14.5;
				MARKETING_VERSION = 1.0;
				PRODUCT_BUNDLE_IDENTIFIER = com.nhsystems.ScribbleLabTests;
				PRODUCT_NAME = "$(TARGET_NAME)";
				SDKROOT = auto;
				SUPPORTED_PLATFORMS = "iphoneos iphonesimulator macosx xros xrsimulator";
				SWIFT_EMIT_LOC_STRINGS = NO;
				SWIFT_VERSION = 5.0;
				TARGETED_DEVICE_FAMILY = "1,2,7";
				TEST_HOST = "$(BUILT_PRODUCTS_DIR)/ScribbleLab.app/$(BUNDLE_EXECUTABLE_FOLDER_PATH)/ScribbleLab";
				XROS_DEPLOYMENT_TARGET = 2.0;
			};
			name = Debug;
		};
		388DC82E2CCBE37200C80FF9 /* Release */ = {
			isa = XCBuildConfiguration;
			baseConfigurationReference = 3880387C2CCBE6DD002494B7 /* Stable.xcconfig */;
			buildSettings = {
				BUNDLE_LOADER = "$(TEST_HOST)";
				CODE_SIGN_STYLE = Automatic;
				CURRENT_PROJECT_VERSION = 1;
				DEVELOPMENT_TEAM = W93RMB5CDG;
				GENERATE_INFOPLIST_FILE = YES;
				IPHONEOS_DEPLOYMENT_TARGET = 18.0;
				MACOSX_DEPLOYMENT_TARGET = 14.5;
				MARKETING_VERSION = 1.0;
				PRODUCT_BUNDLE_IDENTIFIER = com.nhsystems.ScribbleLabTests;
				PRODUCT_NAME = "$(TARGET_NAME)";
				SDKROOT = auto;
				SUPPORTED_PLATFORMS = "iphoneos iphonesimulator macosx xros xrsimulator";
				SWIFT_EMIT_LOC_STRINGS = NO;
				SWIFT_VERSION = 5.0;
				TARGETED_DEVICE_FAMILY = "1,2,7";
				TEST_HOST = "$(BUILT_PRODUCTS_DIR)/ScribbleLab.app/$(BUNDLE_EXECUTABLE_FOLDER_PATH)/ScribbleLab";
				XROS_DEPLOYMENT_TARGET = 2.0;
			};
			name = Release;
		};
		388DC8302CCBE37200C80FF9 /* Debug */ = {
			isa = XCBuildConfiguration;
			baseConfigurationReference = 3880387E2CCBE76E002494B7 /* Development.xcconfig */;
			buildSettings = {
				CODE_SIGN_STYLE = Automatic;
				CURRENT_PROJECT_VERSION = 1;
				DEVELOPMENT_TEAM = W93RMB5CDG;
				GENERATE_INFOPLIST_FILE = YES;
				IPHONEOS_DEPLOYMENT_TARGET = 18.0;
				MACOSX_DEPLOYMENT_TARGET = 14.5;
				MARKETING_VERSION = 1.0;
				PRODUCT_BUNDLE_IDENTIFIER = com.nhsystems.ScribbleLabUITests;
				PRODUCT_NAME = "$(TARGET_NAME)";
				SDKROOT = auto;
				SUPPORTED_PLATFORMS = "iphoneos iphonesimulator macosx xros xrsimulator";
				SWIFT_EMIT_LOC_STRINGS = NO;
				SWIFT_VERSION = 5.0;
				TARGETED_DEVICE_FAMILY = "1,2,7";
				TEST_TARGET_NAME = ScribbleLab;
				XROS_DEPLOYMENT_TARGET = 2.0;
			};
			name = Debug;
		};
		388DC8312CCBE37200C80FF9 /* Release */ = {
			isa = XCBuildConfiguration;
			baseConfigurationReference = 3880387C2CCBE6DD002494B7 /* Stable.xcconfig */;
			buildSettings = {
				CODE_SIGN_STYLE = Automatic;
				CURRENT_PROJECT_VERSION = 1;
				DEVELOPMENT_TEAM = W93RMB5CDG;
				GENERATE_INFOPLIST_FILE = YES;
				IPHONEOS_DEPLOYMENT_TARGET = 18.0;
				MACOSX_DEPLOYMENT_TARGET = 14.5;
				MARKETING_VERSION = 1.0;
				PRODUCT_BUNDLE_IDENTIFIER = com.nhsystems.ScribbleLabUITests;
				PRODUCT_NAME = "$(TARGET_NAME)";
				SDKROOT = auto;
				SUPPORTED_PLATFORMS = "iphoneos iphonesimulator macosx xros xrsimulator";
				SWIFT_EMIT_LOC_STRINGS = NO;
				SWIFT_VERSION = 5.0;
				TARGETED_DEVICE_FAMILY = "1,2,7";
				TEST_TARGET_NAME = ScribbleLab;
				XROS_DEPLOYMENT_TARGET = 2.0;
			};
			name = Release;
		};
/* End XCBuildConfiguration section */

/* Begin XCConfigurationList section */
		388DC7FF2CCBE36F00C80FF9 /* Build configuration list for PBXProject "ScribbleLab" */ = {
			isa = XCConfigurationList;
			buildConfigurations = (
				388DC8272CCBE37200C80FF9 /* Debug */,
				388038802CCBE829002494B7 /* Alpha */,
				388038842CCBE86D002494B7 /* Beta */,
				388DC8282CCBE37200C80FF9 /* Release */,
			);
			defaultConfigurationIsVisible = 0;
			defaultConfigurationName = Release;
		};
		388DC8292CCBE37200C80FF9 /* Build configuration list for PBXNativeTarget "ScribbleLab" */ = {
			isa = XCConfigurationList;
			buildConfigurations = (
				388DC82A2CCBE37200C80FF9 /* Debug */,
				388038812CCBE829002494B7 /* Alpha */,
				388038852CCBE86D002494B7 /* Beta */,
				388DC82B2CCBE37200C80FF9 /* Release */,
			);
			defaultConfigurationIsVisible = 0;
			defaultConfigurationName = Release;
		};
		388DC82C2CCBE37200C80FF9 /* Build configuration list for PBXNativeTarget "ScribbleLabTests" */ = {
			isa = XCConfigurationList;
			buildConfigurations = (
				388DC82D2CCBE37200C80FF9 /* Debug */,
				388038822CCBE829002494B7 /* Alpha */,
				388038862CCBE86D002494B7 /* Beta */,
				388DC82E2CCBE37200C80FF9 /* Release */,
			);
			defaultConfigurationIsVisible = 0;
			defaultConfigurationName = Release;
		};
		388DC82F2CCBE37200C80FF9 /* Build configuration list for PBXNativeTarget "ScribbleLabUITests" */ = {
			isa = XCConfigurationList;
			buildConfigurations = (
				388DC8302CCBE37200C80FF9 /* Debug */,
				388038832CCBE829002494B7 /* Alpha */,
				388038872CCBE86D002494B7 /* Beta */,
				388DC8312CCBE37200C80FF9 /* Release */,
			);
			defaultConfigurationIsVisible = 0;
			defaultConfigurationName = Release;
		};
/* End XCConfigurationList section */

/* Begin XCRemoteSwiftPackageReference section */
		388038902CCBF59E002494B7 /* XCRemoteSwiftPackageReference "firebase-ios-sdk" */ = {
			isa = XCRemoteSwiftPackageReference;
			repositoryURL = "https://github.com/firebase/firebase-ios-sdk.git";
			requirement = {
				kind = upToNextMajorVersion;
				minimumVersion = 11.4.0;
			};
		};
		388038AA2CCBF7E1002494B7 /* XCRemoteSwiftPackageReference "ScribbleFoundation" */ = {
			isa = XCRemoteSwiftPackageReference;
			repositoryURL = "https://github.com/ScribbleLabApp/ScribbleFoundation.git";
			requirement = {
				branch = main;
				kind = branch;
			};
		};
		388038BA2CCBFF4C002494B7 /* XCRemoteSwiftPackageReference "GoogleSignIn-iOS" */ = {
			isa = XCRemoteSwiftPackageReference;
			repositoryURL = "https://github.com/google/GoogleSignIn-iOS";
			requirement = {
				kind = upToNextMajorVersion;
				minimumVersion = 8.0.0;
			};
		};
/* End XCRemoteSwiftPackageReference section */

/* Begin XCSwiftPackageProductDependency section */
		388038912CCBF59F002494B7 /* FirebaseAnalytics */ = {
			isa = XCSwiftPackageProductDependency;
			package = 388038902CCBF59E002494B7 /* XCRemoteSwiftPackageReference "firebase-ios-sdk" */;
			productName = FirebaseAnalytics;
		};
		388038932CCBF59F002494B7 /* FirebaseAuth */ = {
			isa = XCSwiftPackageProductDependency;
			package = 388038902CCBF59E002494B7 /* XCRemoteSwiftPackageReference "firebase-ios-sdk" */;
			productName = FirebaseAuth;
		};
		388038952CCBF59F002494B7 /* FirebaseCore */ = {
			isa = XCSwiftPackageProductDependency;
			package = 388038902CCBF59E002494B7 /* XCRemoteSwiftPackageReference "firebase-ios-sdk" */;
			productName = FirebaseCore;
		};
		388038972CCBF59F002494B7 /* FirebaseCrashlytics */ = {
			isa = XCSwiftPackageProductDependency;
			package = 388038902CCBF59E002494B7 /* XCRemoteSwiftPackageReference "firebase-ios-sdk" */;
			productName = FirebaseCrashlytics;
		};
		388038992CCBF59F002494B7 /* FirebaseDynamicLinks */ = {
			isa = XCSwiftPackageProductDependency;
			package = 388038902CCBF59E002494B7 /* XCRemoteSwiftPackageReference "firebase-ios-sdk" */;
			productName = FirebaseDynamicLinks;
		};
		3880389B2CCBF59F002494B7 /* FirebaseFirestore */ = {
			isa = XCSwiftPackageProductDependency;
			package = 388038902CCBF59E002494B7 /* XCRemoteSwiftPackageReference "firebase-ios-sdk" */;
			productName = FirebaseFirestore;
		};
		3880389D2CCBF59F002494B7 /* FirebaseInstallations */ = {
			isa = XCSwiftPackageProductDependency;
			package = 388038902CCBF59E002494B7 /* XCRemoteSwiftPackageReference "firebase-ios-sdk" */;
			productName = FirebaseInstallations;
		};
		3880389F2CCBF59F002494B7 /* FirebasePerformance */ = {
			isa = XCSwiftPackageProductDependency;
			package = 388038902CCBF59E002494B7 /* XCRemoteSwiftPackageReference "firebase-ios-sdk" */;
			productName = FirebasePerformance;
		};
		388038A12CCBF59F002494B7 /* FirebaseStorage */ = {
			isa = XCSwiftPackageProductDependency;
			package = 388038902CCBF59E002494B7 /* XCRemoteSwiftPackageReference "firebase-ios-sdk" */;
			productName = FirebaseStorage;
		};
		388038AB2CCBF7E1002494B7 /* AccessibilityKit */ = {
			isa = XCSwiftPackageProductDependency;
			package = 388038AA2CCBF7E1002494B7 /* XCRemoteSwiftPackageReference "ScribbleFoundation" */;
			productName = AccessibilityKit;
		};
		388038AD2CCBF7E1002494B7 /* ScribbleFoundation */ = {
			isa = XCSwiftPackageProductDependency;
			package = 388038AA2CCBF7E1002494B7 /* XCRemoteSwiftPackageReference "ScribbleFoundation" */;
			productName = ScribbleFoundation;
		};
		388038AF2CCBF7E1002494B7 /* ScribbleFoundationUI */ = {
			isa = XCSwiftPackageProductDependency;
			package = 388038AA2CCBF7E1002494B7 /* XCRemoteSwiftPackageReference "ScribbleFoundation" */;
			productName = ScribbleFoundationUI;
		};
		388038B12CCBF7E1002494B7 /* UpdateService */ = {
			isa = XCSwiftPackageProductDependency;
			package = 388038AA2CCBF7E1002494B7 /* XCRemoteSwiftPackageReference "ScribbleFoundation" */;
			productName = UpdateService;
		};
		388038BB2CCBFF4C002494B7 /* GoogleSignIn */ = {
			isa = XCSwiftPackageProductDependency;
			package = 388038BA2CCBFF4C002494B7 /* XCRemoteSwiftPackageReference "GoogleSignIn-iOS" */;
			productName = GoogleSignIn;
		};
		388038BD2CCBFF4C002494B7 /* GoogleSignInSwift */ = {
			isa = XCSwiftPackageProductDependency;
			package = 388038BA2CCBFF4C002494B7 /* XCRemoteSwiftPackageReference "GoogleSignIn-iOS" */;
			productName = GoogleSignInSwift;
		};
/* End XCSwiftPackageProductDependency section */
	};
	rootObject = 388DC7FC2CCBE36F00C80FF9 /* Project object */;
}
